
Microsoft Visual Studio Solution File, Format Version 12.00
# Visual Studio Version 17
VisualStudioVersion = 17.3.32819.101
MinimumVisualStudioVersion = 10.0.40219.1
Project("{FAE04EC0-301F-11D3-BF4B-00C04F79EFBC}") = "DOMS_TSR", "DOMS_TSR\DOMS_TSR.csproj", "{17A4F47B-321A-4AD0-A041-D14BDC35A7D3}"
EndProject
Project("{FAE04EC0-301F-11D3-BF4B-00C04F79EFBC}") = "DesignReportOMS", "DesignReportOMS\DesignReportOMS.csproj", "{C19B53EE-ABF9-4E8C-BCFA-460C92DE332E}"
EndProject
Global
	GlobalSection(SolutionConfigurationPlatforms) = preSolution
		Debug|Any CPU = Debug|Any CPU
		Release|Any CPU = Release|Any CPU
	EndGlobalSection
	GlobalSection(ProjectConfigurationPlatforms) = postSolution
		{17A4F47B-321A-4AD0-A041-D14BDC35A7D3}.Debug|Any CPU.ActiveCfg = Debug|Any CPU
		{17A4F47B-321A-4AD0-A041-D14BDC35A7D3}.Debug|Any CPU.Build.0 = Debug|Any CPU
		{17A4F47B-321A-4AD0-A041-D14BDC35A7D3}.Release|Any CPU.ActiveCfg = Debug|Any CPU
		{17A4F47B-321A-4AD0-A041-D14BDC35A7D3}.Release|Any CPU.Build.0 = Debug|Any CPU
		{C19B53EE-ABF9-4E8C-BCFA-460C92DE332E}.Debug|Any CPU.ActiveCfg = Debug|Any CPU
		{C19B53EE-ABF9-4E8C-BCFA-460C92DE332E}.Debug|Any CPU.Build.0 = Debug|Any CPU
		{C19B53EE-ABF9-4E8C-BCFA-460C92DE332E}.Release|Any CPU.ActiveCfg = Release|Any CPU
		{C19B53EE-ABF9-4E8C-BCFA-460C92DE332E}.Release|Any CPU.Build.0 = Release|Any CPU
	EndGlobalSection
	GlobalSection(SolutionProperties) = preSolution
		HideSolutionNode = FALSE
	EndGlobalSection
	GlobalSection(ExtensibilityGlobals) = postSolution
		SolutionGuid = {2E7DB38D-89F1-4CA7-91F4-2145E78D87DC}
	EndGlobalSection
EndGlobal
